
Microsoft Visual Studio Solution File, Format Version 12.00
# Visual Studio Version 17
VisualStudioVersion = 17.14.37111.16 d17.14
MinimumVisualStudioVersion = 10.0.40219.1
Project("{FAE04EC0-301F-11D3-BF4B-00C04F79EFBC}") = "argyros-hotel-api", "argyros-hotel-api\argyros-hotel-api.csproj", "{D42C5B10-678C-42CA-AC36-9209B46C1E50}"
EndProject
Global
	GlobalSection(SolutionConfigurationPlatforms) = preSolution
		Debug|Any CPU = Debug|Any CPU
		Release|Any CPU = Release|Any CPU
	EndGlobalSection
	GlobalSection(ProjectConfigurationPlatforms) = postSolution
		{D42C5B10-678C-42CA-AC36-9209B46C1E50}.Debug|Any CPU.ActiveCfg = Debug|Any CPU
		{D42C5B10-678C-42CA-AC36-9209B46C1E50}.Debug|Any CPU.Build.0 = Debug|Any CPU
		{D42C5B10-678C-42CA-AC36-9209B46C1E50}.Release|Any CPU.ActiveCfg = Release|Any CPU
		{D42C5B10-678C-42CA-AC36-9209B46C1E50}.Release|Any CPU.Build.0 = Release|Any CPU
	EndGlobalSection
	GlobalSection(SolutionProperties) = preSolution
		HideSolutionNode = FALSE
	EndGlobalSection
	GlobalSection(ExtensibilityGlobals) = postSolution
		SolutionGuid = {E57E8875-5008-4C9D-BE25-A9F375A11B65}
	EndGlobalSection
EndGlobal
